
Microsoft Visual Studio Solution File, Format Version 12.00
# Visual Studio Version 17
VisualStudioVersion = 17.6.33815.320
MinimumVisualStudioVersion = 10.0.40219.1
Project("{FAE04EC0-301F-11D3-BF4B-00C04F79EFBC}") = "InventoryManagement", "InventoryManagement\InventoryManagement.csproj", "{0F6A9501-CE24-4409-A010-18059C24AB25}"
EndProject
Global
	GlobalSection(SolutionConfigurationPlatforms) = preSolution
		Debug|Any CPU = Debug|Any CPU
		Release|Any CPU = Release|Any CPU
	EndGlobalSection
	GlobalSection(ProjectConfigurationPlatforms) = postSolution
		{0F6A9501-CE24-4409-A010-18059C24AB25}.Debug|Any CPU.ActiveCfg = Debug|Any CPU
		{0F6A9501-CE24-4409-A010-18059C24AB25}.Debug|Any CPU.Build.0 = Debug|Any CPU
		{0F6A9501-CE24-4409-A010-18059C24AB25}.Release|Any CPU.ActiveCfg = Release|Any CPU
		{0F6A9501-CE24-4409-A010-18059C24AB25}.Release|Any CPU.Build.0 = Release|Any CPU
	EndGlobalSection
	GlobalSection(SolutionProperties) = preSolution
		HideSolutionNode = FALSE
	EndGlobalSection
	GlobalSection(ExtensibilityGlobals) = postSolution
		SolutionGuid = {5C00E922-FDD9-4A75-8B05-08BC21A919E4}
	EndGlobalSection
EndGlobal
