
Microsoft Visual Studio Solution File, Format Version 12.00
# Visual Studio Version 17
VisualStudioVersion = 17.5.33516.290
MinimumVisualStudioVersion = 10.0.40219.1
Project("{9A19103F-16F7-4668-BE54-9A1E7A4F7556}") = "DeleteFromTheLeft", "DeleteFromTheLeft\DeleteFromTheLeft.csproj", "{BD805829-4465-468F-A49F-64C816CF5BFF}"
EndProject
Project("{9A19103F-16F7-4668-BE54-9A1E7A4F7556}") = "LuckyNumbersCf", "LuckyNumbersCf\LuckyNumbersCf.csproj", "{DB81732A-6D12-4717-A05A-3C86D677E26D}"
EndProject
Project("{9A19103F-16F7-4668-BE54-9A1E7A4F7556}") = "MainakAndArray", "MainakAndArray\MainakAndArray.csproj", "{123795C8-59D3-465E-A2BA-D0F7BE218372}"
EndProject
Project("{9A19103F-16F7-4668-BE54-9A1E7A4F7556}") = "DisplayDigits", "DisplayDigits\DisplayDigits.csproj", "{D89A47AC-399F-4CE6-94B6-2187C89CAC7A}"
EndProject
Project("{FAE04EC0-301F-11D3-BF4B-00C04F79EFBC}") = "MAXIMUMS", "MAXIMUMS\MAXIMUMS.csproj", "{5F3D64D7-810A-4903-921E-DA811503C6B8}"
EndProject
Project("{FAE04EC0-301F-11D3-BF4B-00C04F79EFBC}") = "Candies", "Candies\Candies.csproj", "{5F200731-CF7D-4EEC-B3BB-27F1190FF241}"
EndProject
Project("{FAE04EC0-301F-11D3-BF4B-00C04F79EFBC}") = "OracAndFactors", "OracAndFactors\OracAndFactors.csproj", "{B524BB18-DF6D-4BAC-AA6F-E8B0A3257882}"
EndProject
Project("{FAE04EC0-301F-11D3-BF4B-00C04F79EFBC}") = "OddDivisor", "OddDivisor\OddDivisor.csproj", "{CE332317-40BC-44DB-993B-BAD83B2E958D}"
EndProject
Project("{FAE04EC0-301F-11D3-BF4B-00C04F79EFBC}") = "StringCons", "StringCons\StringCons.csproj", "{46F18370-E3DD-442F-936B-04C7DB85147A}"
EndProject
Global
	GlobalSection(SolutionConfigurationPlatforms) = preSolution
		Debug|Any CPU = Debug|Any CPU
		Release|Any CPU = Release|Any CPU
	EndGlobalSection
	GlobalSection(ProjectConfigurationPlatforms) = postSolution
		{BD805829-4465-468F-A49F-64C816CF5BFF}.Debug|Any CPU.ActiveCfg = Debug|Any CPU
		{BD805829-4465-468F-A49F-64C816CF5BFF}.Debug|Any CPU.Build.0 = Debug|Any CPU
		{BD805829-4465-468F-A49F-64C816CF5BFF}.Release|Any CPU.ActiveCfg = Release|Any CPU
		{BD805829-4465-468F-A49F-64C816CF5BFF}.Release|Any CPU.Build.0 = Release|Any CPU
		{DB81732A-6D12-4717-A05A-3C86D677E26D}.Debug|Any CPU.ActiveCfg = Debug|Any CPU
		{DB81732A-6D12-4717-A05A-3C86D677E26D}.Debug|Any CPU.Build.0 = Debug|Any CPU
		{DB81732A-6D12-4717-A05A-3C86D677E26D}.Release|Any CPU.ActiveCfg = Release|Any CPU
		{DB81732A-6D12-4717-A05A-3C86D677E26D}.Release|Any CPU.Build.0 = Release|Any CPU
		{123795C8-59D3-465E-A2BA-D0F7BE218372}.Debug|Any CPU.ActiveCfg = Debug|Any CPU
		{123795C8-59D3-465E-A2BA-D0F7BE218372}.Debug|Any CPU.Build.0 = Debug|Any CPU
		{123795C8-59D3-465E-A2BA-D0F7BE218372}.Release|Any CPU.ActiveCfg = Release|Any CPU
		{123795C8-59D3-465E-A2BA-D0F7BE218372}.Release|Any CPU.Build.0 = Release|Any CPU
		{D89A47AC-399F-4CE6-94B6-2187C89CAC7A}.Debug|Any CPU.ActiveCfg = Debug|Any CPU
		{D89A47AC-399F-4CE6-94B6-2187C89CAC7A}.Debug|Any CPU.Build.0 = Debug|Any CPU
		{D89A47AC-399F-4CE6-94B6-2187C89CAC7A}.Release|Any CPU.ActiveCfg = Release|Any CPU
		{D89A47AC-399F-4CE6-94B6-2187C89CAC7A}.Release|Any CPU.Build.0 = Release|Any CPU
		{5F3D64D7-810A-4903-921E-DA811503C6B8}.Debug|Any CPU.ActiveCfg = Debug|Any CPU
		{5F3D64D7-810A-4903-921E-DA811503C6B8}.Debug|Any CPU.Build.0 = Debug|Any CPU
		{5F3D64D7-810A-4903-921E-DA811503C6B8}.Release|Any CPU.ActiveCfg = Release|Any CPU
		{5F3D64D7-810A-4903-921E-DA811503C6B8}.Release|Any CPU.Build.0 = Release|Any CPU
		{5F200731-CF7D-4EEC-B3BB-27F1190FF241}.Debug|Any CPU.ActiveCfg = Debug|Any CPU
		{5F200731-CF7D-4EEC-B3BB-27F1190FF241}.Debug|Any CPU.Build.0 = Debug|Any CPU
		{5F200731-CF7D-4EEC-B3BB-27F1190FF241}.Release|Any CPU.ActiveCfg = Release|Any CPU
		{5F200731-CF7D-4EEC-B3BB-27F1190FF241}.Release|Any CPU.Build.0 = Release|Any CPU
		{B524BB18-DF6D-4BAC-AA6F-E8B0A3257882}.Debug|Any CPU.ActiveCfg = Debug|Any CPU
		{B524BB18-DF6D-4BAC-AA6F-E8B0A3257882}.Debug|Any CPU.Build.0 = Debug|Any CPU
		{B524BB18-DF6D-4BAC-AA6F-E8B0A3257882}.Release|Any CPU.ActiveCfg = Release|Any CPU
		{B524BB18-DF6D-4BAC-AA6F-E8B0A3257882}.Release|Any CPU.Build.0 = Release|Any CPU
		{CE332317-40BC-44DB-993B-BAD83B2E958D}.Debug|Any CPU.ActiveCfg = Debug|Any CPU
		{CE332317-40BC-44DB-993B-BAD83B2E958D}.Debug|Any CPU.Build.0 = Debug|Any CPU
		{CE332317-40BC-44DB-993B-BAD83B2E958D}.Release|Any CPU.ActiveCfg = Release|Any CPU
		{CE332317-40BC-44DB-993B-BAD83B2E958D}.Release|Any CPU.Build.0 = Release|Any CPU
		{46F18370-E3DD-442F-936B-04C7DB85147A}.Debug|Any CPU.ActiveCfg = Debug|Any CPU
		{46F18370-E3DD-442F-936B-04C7DB85147A}.Debug|Any CPU.Build.0 = Debug|Any CPU
		{46F18370-E3DD-442F-936B-04C7DB85147A}.Release|Any CPU.ActiveCfg = Release|Any CPU
		{46F18370-E3DD-442F-936B-04C7DB85147A}.Release|Any CPU.Build.0 = Release|Any CPU
	EndGlobalSection
	GlobalSection(SolutionProperties) = preSolution
		HideSolutionNode = FALSE
	EndGlobalSection
	GlobalSection(ExtensibilityGlobals) = postSolution
		SolutionGuid = {90264946-C001-4EF1-AB47-735D45BDD807}
	EndGlobalSection
EndGlobal
