
Microsoft Visual Studio Solution File, Format Version 12.00
# Visual Studio Version 17
VisualStudioVersion = 17.5.33516.290
MinimumVisualStudioVersion = 10.0.40219.1
Project("{9A19103F-16F7-4668-BE54-9A1E7A4F7556}") = "Datatypes", "Datatypes\Datatypes.csproj", "{0ECFBF83-AD39-4FAC-8DEC-48E5213D8264}"
EndProject
Project("{9A19103F-16F7-4668-BE54-9A1E7A4F7556}") = "Arrays_And_Loops", "Arrays_And_Loops\Arrays_And_Loops.csproj", "{F46C9D5D-A6C0-4928-8CDA-6162A2FEDA3A}"
EndProject
Project("{9A19103F-16F7-4668-BE54-9A1E7A4F7556}") = "C#OOP", "C#OOP\C#OOP.csproj", "{E1ED11B4-9597-458B-9A44-8E59BF4497EA}"
EndProject
Project("{9A19103F-16F7-4668-BE54-9A1E7A4F7556}") = "C#METHOD", "C#METHOD\C#METHOD.csproj", "{892A4E60-A814-40B9-8410-26F168407CB3}"
EndProject
Project("{9A19103F-16F7-4668-BE54-9A1E7A4F7556}") = "StaticClass1", "StaticClass1\StaticClass1.csproj", "{AB4E1090-43FF-48C1-8225-B63E54D4A9E4}"
EndProject
Project("{9A19103F-16F7-4668-BE54-9A1E7A4F7556}") = "StaticClass2", "StaticClass2\StaticClass2.csproj", "{D372320C-0376-4E07-BC91-1FF4F20A98FE}"
EndProject
Project("{9A19103F-16F7-4668-BE54-9A1E7A4F7556}") = "AbstractClass", "AbstractClass\AbstractClass.csproj", "{17C05987-AE50-4AC8-9254-B104219D868D}"
EndProject
Project("{9A19103F-16F7-4668-BE54-9A1E7A4F7556}") = "TupleExample", "TupleExample\TupleExample.csproj", "{95A61836-EE6C-4ACA-929C-B010421EB4DA}"
EndProject
Project("{9A19103F-16F7-4668-BE54-9A1E7A4F7556}") = "AnonymusObjwct_DynamicKeyWord", "AnonymusObjwct_DynamicKeyWord\AnonymusObjwct_DynamicKeyWord.csproj", "{5C963B87-5F53-48BB-BD8A-7F42F0360409}"
EndProject
Project("{9A19103F-16F7-4668-BE54-9A1E7A4F7556}") = "GenericsExample", "GenericsExample\GenericsExample.csproj", "{D507556D-E16C-4A4D-83D4-C2CAAFA52E7C}"
EndProject
Project("{9A19103F-16F7-4668-BE54-9A1E7A4F7556}") = "Important_Interfaces", "Important_Interfaces\Important_Interfaces.csproj", "{502555D7-88D9-4333-94E7-9D4BBB1775E6}"
EndProject
Project("{9A19103F-16F7-4668-BE54-9A1E7A4F7556}") = "StringBuilder", "StringBuilder\StringBuilder.csproj", "{C48C21A9-1C18-4BDF-B77D-95F2F5E7B3E0}"
EndProject
Project("{9A19103F-16F7-4668-BE54-9A1E7A4F7556}") = "ConsoleApp1", "ConsoleApp1\ConsoleApp1.csproj", "{7E18FD84-F94E-4691-B048-0E81853E80AD}"
EndProject
Project("{9A19103F-16F7-4668-BE54-9A1E7A4F7556}") = "ConsoleApp2", "ConsoleApp2\ConsoleApp2.csproj", "{BDAEFF01-9036-4FA5-B515-A98CC4F26BE6}"
EndProject
Project("{9A19103F-16F7-4668-BE54-9A1E7A4F7556}") = "InterfaceP2", "InterfaceP2\InterfaceP2.csproj", "{DB9F6CA0-F095-429F-AF9A-AC24AFF3FAB5}"
EndProject
Project("{9A19103F-16F7-4668-BE54-9A1E7A4F7556}") = "ICollectionInterface", "ICollectionInterface\ICollectionInterface.csproj", "{1D0B4309-509B-49FD-B6A4-C98365600005}"
EndProject
Project("{9A19103F-16F7-4668-BE54-9A1E7A4F7556}") = "AdoDotnet", "AdoDotnet\AdoDotnet.csproj", "{10862CBF-C21B-475D-804A-A35E52A128E9}"
EndProject
Project("{9A19103F-16F7-4668-BE54-9A1E7A4F7556}") = "EntityFramewrk", "EntityFramewrk\EntityFramewrk.csproj", "{508DBF4D-1669-4A41-AC12-6A66B3AD40FD}"
EndProject
Project("{9A19103F-16F7-4668-BE54-9A1E7A4F7556}") = "Entity_FWork", "Entity_FWork\Entity_FWork.csproj", "{F9DCEF3F-3869-4396-9C2C-7A1EA5718FC7}"
EndProject
Project("{2150E333-8FDC-42A3-9474-1A3956D46DE8}") = "Solution Items", "Solution Items", "{D751EC72-83B4-46CE-A1EF-85076380D260}"
	ProjectSection(SolutionItems) = preProject
		EntityFrameWorksetup.txt = EntityFrameWorksetup.txt
	EndProjectSection
EndProject
Project("{9A19103F-16F7-4668-BE54-9A1E7A4F7556}") = "FileOperation", "FileOperation\FileOperation.csproj", "{1FBDC75B-A91B-457E-9CC5-F96AF6BCB73E}"
EndProject
Project("{9A19103F-16F7-4668-BE54-9A1E7A4F7556}") = "FileOperation2", "FileOperation2\FileOperation2.csproj", "{C663240C-3FA7-4833-AA8D-F80A309D5A3B}"
EndProject
Project("{9A19103F-16F7-4668-BE54-9A1E7A4F7556}") = "Delegates1", "Delegates1\Delegates1.csproj", "{0EEACDC6-41D6-49D9-A247-0FCFD207C0AD}"
EndProject
Project("{9A19103F-16F7-4668-BE54-9A1E7A4F7556}") = "Reflection", "Reflection\Reflection.csproj", "{68CA0B51-7A81-4848-855A-A70272479754}"
EndProject
Project("{9A19103F-16F7-4668-BE54-9A1E7A4F7556}") = "Reflection_", "Reflection_\Reflection_.csproj", "{2F35EB86-4881-486F-A3EF-C88DCE737F17}"
EndProject
Project("{9A19103F-16F7-4668-BE54-9A1E7A4F7556}") = "AsyncExample", "AsyncExample\AsyncExample.csproj", "{E69525B5-7A89-435D-8384-7342FC53090B}"
EndProject
Project("{9A19103F-16F7-4668-BE54-9A1E7A4F7556}") = "ReverseIndexing", "ReverseIndexing\ReverseIndexing.csproj", "{182CAE33-36D5-44BB-ACAA-5DA0DD78B51F}"
EndProject
Project("{9A19103F-16F7-4668-BE54-9A1E7A4F7556}") = "Linq", "Linq\Linq.csproj", "{2BA7C276-0469-4D00-9D3B-C691165A4CA5}"
EndProject
Project("{FAE04EC0-301F-11D3-BF4B-00C04F79EFBC}") = "Thread", "Thread\Thread.csproj", "{66BC2597-1A11-472F-99A4-DD0DD335C9F4}"
EndProject
Global
	GlobalSection(SolutionConfigurationPlatforms) = preSolution
		Debug|Any CPU = Debug|Any CPU
		Release|Any CPU = Release|Any CPU
	EndGlobalSection
	GlobalSection(ProjectConfigurationPlatforms) = postSolution
		{0ECFBF83-AD39-4FAC-8DEC-48E5213D8264}.Debug|Any CPU.ActiveCfg = Debug|Any CPU
		{0ECFBF83-AD39-4FAC-8DEC-48E5213D8264}.Debug|Any CPU.Build.0 = Debug|Any CPU
		{0ECFBF83-AD39-4FAC-8DEC-48E5213D8264}.Release|Any CPU.ActiveCfg = Release|Any CPU
		{0ECFBF83-AD39-4FAC-8DEC-48E5213D8264}.Release|Any CPU.Build.0 = Release|Any CPU
		{F46C9D5D-A6C0-4928-8CDA-6162A2FEDA3A}.Debug|Any CPU.ActiveCfg = Debug|Any CPU
		{F46C9D5D-A6C0-4928-8CDA-6162A2FEDA3A}.Debug|Any CPU.Build.0 = Debug|Any CPU
		{F46C9D5D-A6C0-4928-8CDA-6162A2FEDA3A}.Release|Any CPU.ActiveCfg = Release|Any CPU
		{F46C9D5D-A6C0-4928-8CDA-6162A2FEDA3A}.Release|Any CPU.Build.0 = Release|Any CPU
		{E1ED11B4-9597-458B-9A44-8E59BF4497EA}.Debug|Any CPU.ActiveCfg = Debug|Any CPU
		{E1ED11B4-9597-458B-9A44-8E59BF4497EA}.Debug|Any CPU.Build.0 = Debug|Any CPU
		{E1ED11B4-9597-458B-9A44-8E59BF4497EA}.Release|Any CPU.ActiveCfg = Release|Any CPU
		{E1ED11B4-9597-458B-9A44-8E59BF4497EA}.Release|Any CPU.Build.0 = Release|Any CPU
		{892A4E60-A814-40B9-8410-26F168407CB3}.Debug|Any CPU.ActiveCfg = Debug|Any CPU
		{892A4E60-A814-40B9-8410-26F168407CB3}.Debug|Any CPU.Build.0 = Debug|Any CPU
		{892A4E60-A814-40B9-8410-26F168407CB3}.Release|Any CPU.ActiveCfg = Release|Any CPU
		{892A4E60-A814-40B9-8410-26F168407CB3}.Release|Any CPU.Build.0 = Release|Any CPU
		{AB4E1090-43FF-48C1-8225-B63E54D4A9E4}.Debug|Any CPU.ActiveCfg = Debug|Any CPU
		{AB4E1090-43FF-48C1-8225-B63E54D4A9E4}.Debug|Any CPU.Build.0 = Debug|Any CPU
		{AB4E1090-43FF-48C1-8225-B63E54D4A9E4}.Release|Any CPU.ActiveCfg = Release|Any CPU
		{AB4E1090-43FF-48C1-8225-B63E54D4A9E4}.Release|Any CPU.Build.0 = Release|Any CPU
		{D372320C-0376-4E07-BC91-1FF4F20A98FE}.Debug|Any CPU.ActiveCfg = Debug|Any CPU
		{D372320C-0376-4E07-BC91-1FF4F20A98FE}.Debug|Any CPU.Build.0 = Debug|Any CPU
		{D372320C-0376-4E07-BC91-1FF4F20A98FE}.Release|Any CPU.ActiveCfg = Release|Any CPU
		{D372320C-0376-4E07-BC91-1FF4F20A98FE}.Release|Any CPU.Build.0 = Release|Any CPU
		{17C05987-AE50-4AC8-9254-B104219D868D}.Debug|Any CPU.ActiveCfg = Debug|Any CPU
		{17C05987-AE50-4AC8-9254-B104219D868D}.Debug|Any CPU.Build.0 = Debug|Any CPU
		{17C05987-AE50-4AC8-9254-B104219D868D}.Release|Any CPU.ActiveCfg = Release|Any CPU
		{17C05987-AE50-4AC8-9254-B104219D868D}.Release|Any CPU.Build.0 = Release|Any CPU
		{95A61836-EE6C-4ACA-929C-B010421EB4DA}.Debug|Any CPU.ActiveCfg = Debug|Any CPU
		{95A61836-EE6C-4ACA-929C-B010421EB4DA}.Debug|Any CPU.Build.0 = Debug|Any CPU
		{95A61836-EE6C-4ACA-929C-B010421EB4DA}.Release|Any CPU.ActiveCfg = Release|Any CPU
		{95A61836-EE6C-4ACA-929C-B010421EB4DA}.Release|Any CPU.Build.0 = Release|Any CPU
		{5C963B87-5F53-48BB-BD8A-7F42F0360409}.Debug|Any CPU.ActiveCfg = Debug|Any CPU
		{5C963B87-5F53-48BB-BD8A-7F42F0360409}.Debug|Any CPU.Build.0 = Debug|Any CPU
		{5C963B87-5F53-48BB-BD8A-7F42F0360409}.Release|Any CPU.ActiveCfg = Release|Any CPU
		{5C963B87-5F53-48BB-BD8A-7F42F0360409}.Release|Any CPU.Build.0 = Release|Any CPU
		{D507556D-E16C-4A4D-83D4-C2CAAFA52E7C}.Debug|Any CPU.ActiveCfg = Debug|Any CPU
		{D507556D-E16C-4A4D-83D4-C2CAAFA52E7C}.Debug|Any CPU.Build.0 = Debug|Any CPU
		{D507556D-E16C-4A4D-83D4-C2CAAFA52E7C}.Release|Any CPU.ActiveCfg = Release|Any CPU
		{D507556D-E16C-4A4D-83D4-C2CAAFA52E7C}.Release|Any CPU.Build.0 = Release|Any CPU
		{502555D7-88D9-4333-94E7-9D4BBB1775E6}.Debug|Any CPU.ActiveCfg = Debug|Any CPU
		{502555D7-88D9-4333-94E7-9D4BBB1775E6}.Debug|Any CPU.Build.0 = Debug|Any CPU
		{502555D7-88D9-4333-94E7-9D4BBB1775E6}.Release|Any CPU.ActiveCfg = Release|Any CPU
		{502555D7-88D9-4333-94E7-9D4BBB1775E6}.Release|Any CPU.Build.0 = Release|Any CPU
		{C48C21A9-1C18-4BDF-B77D-95F2F5E7B3E0}.Debug|Any CPU.ActiveCfg = Debug|Any CPU
		{C48C21A9-1C18-4BDF-B77D-95F2F5E7B3E0}.Debug|Any CPU.Build.0 = Debug|Any CPU
		{C48C21A9-1C18-4BDF-B77D-95F2F5E7B3E0}.Release|Any CPU.ActiveCfg = Release|Any CPU
		{C48C21A9-1C18-4BDF-B77D-95F2F5E7B3E0}.Release|Any CPU.Build.0 = Release|Any CPU
		{7E18FD84-F94E-4691-B048-0E81853E80AD}.Debug|Any CPU.ActiveCfg = Debug|Any CPU
		{7E18FD84-F94E-4691-B048-0E81853E80AD}.Debug|Any CPU.Build.0 = Debug|Any CPU
		{7E18FD84-F94E-4691-B048-0E81853E80AD}.Release|Any CPU.ActiveCfg = Release|Any CPU
		{7E18FD84-F94E-4691-B048-0E81853E80AD}.Release|Any CPU.Build.0 = Release|Any CPU
		{BDAEFF01-9036-4FA5-B515-A98CC4F26BE6}.Debug|Any CPU.ActiveCfg = Debug|Any CPU
		{BDAEFF01-9036-4FA5-B515-A98CC4F26BE6}.Debug|Any CPU.Build.0 = Debug|Any CPU
		{BDAEFF01-9036-4FA5-B515-A98CC4F26BE6}.Release|Any CPU.ActiveCfg = Release|Any CPU
		{BDAEFF01-9036-4FA5-B515-A98CC4F26BE6}.Release|Any CPU.Build.0 = Release|Any CPU
		{DB9F6CA0-F095-429F-AF9A-AC24AFF3FAB5}.Debug|Any CPU.ActiveCfg = Debug|Any CPU
		{DB9F6CA0-F095-429F-AF9A-AC24AFF3FAB5}.Debug|Any CPU.Build.0 = Debug|Any CPU
		{DB9F6CA0-F095-429F-AF9A-AC24AFF3FAB5}.Release|Any CPU.ActiveCfg = Release|Any CPU
		{DB9F6CA0-F095-429F-AF9A-AC24AFF3FAB5}.Release|Any CPU.Build.0 = Release|Any CPU
		{1D0B4309-509B-49FD-B6A4-C98365600005}.Debug|Any CPU.ActiveCfg = Debug|Any CPU
		{1D0B4309-509B-49FD-B6A4-C98365600005}.Debug|Any CPU.Build.0 = Debug|Any CPU
		{1D0B4309-509B-49FD-B6A4-C98365600005}.Release|Any CPU.ActiveCfg = Release|Any CPU
		{1D0B4309-509B-49FD-B6A4-C98365600005}.Release|Any CPU.Build.0 = Release|Any CPU
		{10862CBF-C21B-475D-804A-A35E52A128E9}.Debug|Any CPU.ActiveCfg = Debug|Any CPU
		{10862CBF-C21B-475D-804A-A35E52A128E9}.Debug|Any CPU.Build.0 = Debug|Any CPU
		{10862CBF-C21B-475D-804A-A35E52A128E9}.Release|Any CPU.ActiveCfg = Release|Any CPU
		{10862CBF-C21B-475D-804A-A35E52A128E9}.Release|Any CPU.Build.0 = Release|Any CPU
		{508DBF4D-1669-4A41-AC12-6A66B3AD40FD}.Debug|Any CPU.ActiveCfg = Debug|Any CPU
		{508DBF4D-1669-4A41-AC12-6A66B3AD40FD}.Debug|Any CPU.Build.0 = Debug|Any CPU
		{508DBF4D-1669-4A41-AC12-6A66B3AD40FD}.Release|Any CPU.ActiveCfg = Release|Any CPU
		{508DBF4D-1669-4A41-AC12-6A66B3AD40FD}.Release|Any CPU.Build.0 = Release|Any CPU
		{F9DCEF3F-3869-4396-9C2C-7A1EA5718FC7}.Debug|Any CPU.ActiveCfg = Debug|Any CPU
		{F9DCEF3F-3869-4396-9C2C-7A1EA5718FC7}.Debug|Any CPU.Build.0 = Debug|Any CPU
		{F9DCEF3F-3869-4396-9C2C-7A1EA5718FC7}.Release|Any CPU.ActiveCfg = Release|Any CPU
		{F9DCEF3F-3869-4396-9C2C-7A1EA5718FC7}.Release|Any CPU.Build.0 = Release|Any CPU
		{1FBDC75B-A91B-457E-9CC5-F96AF6BCB73E}.Debug|Any CPU.ActiveCfg = Debug|Any CPU
		{1FBDC75B-A91B-457E-9CC5-F96AF6BCB73E}.Debug|Any CPU.Build.0 = Debug|Any CPU
		{1FBDC75B-A91B-457E-9CC5-F96AF6BCB73E}.Release|Any CPU.ActiveCfg = Release|Any CPU
		{1FBDC75B-A91B-457E-9CC5-F96AF6BCB73E}.Release|Any CPU.Build.0 = Release|Any CPU
		{C663240C-3FA7-4833-AA8D-F80A309D5A3B}.Debug|Any CPU.ActiveCfg = Debug|Any CPU
		{C663240C-3FA7-4833-AA8D-F80A309D5A3B}.Debug|Any CPU.Build.0 = Debug|Any CPU
		{C663240C-3FA7-4833-AA8D-F80A309D5A3B}.Release|Any CPU.ActiveCfg = Release|Any CPU
		{C663240C-3FA7-4833-AA8D-F80A309D5A3B}.Release|Any CPU.Build.0 = Release|Any CPU
		{0EEACDC6-41D6-49D9-A247-0FCFD207C0AD}.Debug|Any CPU.ActiveCfg = Debug|Any CPU
		{0EEACDC6-41D6-49D9-A247-0FCFD207C0AD}.Debug|Any CPU.Build.0 = Debug|Any CPU
		{0EEACDC6-41D6-49D9-A247-0FCFD207C0AD}.Release|Any CPU.ActiveCfg = Release|Any CPU
		{0EEACDC6-41D6-49D9-A247-0FCFD207C0AD}.Release|Any CPU.Build.0 = Release|Any CPU
		{68CA0B51-7A81-4848-855A-A70272479754}.Debug|Any CPU.ActiveCfg = Debug|Any CPU
		{68CA0B51-7A81-4848-855A-A70272479754}.Debug|Any CPU.Build.0 = Debug|Any CPU
		{68CA0B51-7A81-4848-855A-A70272479754}.Release|Any CPU.ActiveCfg = Release|Any CPU
		{68CA0B51-7A81-4848-855A-A70272479754}.Release|Any CPU.Build.0 = Release|Any CPU
		{2F35EB86-4881-486F-A3EF-C88DCE737F17}.Debug|Any CPU.ActiveCfg = Debug|Any CPU
		{2F35EB86-4881-486F-A3EF-C88DCE737F17}.Debug|Any CPU.Build.0 = Debug|Any CPU
		{2F35EB86-4881-486F-A3EF-C88DCE737F17}.Release|Any CPU.ActiveCfg = Release|Any CPU
		{2F35EB86-4881-486F-A3EF-C88DCE737F17}.Release|Any CPU.Build.0 = Release|Any CPU
		{E69525B5-7A89-435D-8384-7342FC53090B}.Debug|Any CPU.ActiveCfg = Debug|Any CPU
		{E69525B5-7A89-435D-8384-7342FC53090B}.Debug|Any CPU.Build.0 = Debug|Any CPU
		{E69525B5-7A89-435D-8384-7342FC53090B}.Release|Any CPU.ActiveCfg = Release|Any CPU
		{E69525B5-7A89-435D-8384-7342FC53090B}.Release|Any CPU.Build.0 = Release|Any CPU
		{182CAE33-36D5-44BB-ACAA-5DA0DD78B51F}.Debug|Any CPU.ActiveCfg = Debug|Any CPU
		{182CAE33-36D5-44BB-ACAA-5DA0DD78B51F}.Debug|Any CPU.Build.0 = Debug|Any CPU
		{182CAE33-36D5-44BB-ACAA-5DA0DD78B51F}.Release|Any CPU.ActiveCfg = Release|Any CPU
		{182CAE33-36D5-44BB-ACAA-5DA0DD78B51F}.Release|Any CPU.Build.0 = Release|Any CPU
		{2BA7C276-0469-4D00-9D3B-C691165A4CA5}.Debug|Any CPU.ActiveCfg = Debug|Any CPU
		{2BA7C276-0469-4D00-9D3B-C691165A4CA5}.Debug|Any CPU.Build.0 = Debug|Any CPU
		{2BA7C276-0469-4D00-9D3B-C691165A4CA5}.Release|Any CPU.ActiveCfg = Release|Any CPU
		{2BA7C276-0469-4D00-9D3B-C691165A4CA5}.Release|Any CPU.Build.0 = Release|Any CPU
		{66BC2597-1A11-472F-99A4-DD0DD335C9F4}.Debug|Any CPU.ActiveCfg = Debug|Any CPU
		{66BC2597-1A11-472F-99A4-DD0DD335C9F4}.Debug|Any CPU.Build.0 = Debug|Any CPU
		{66BC2597-1A11-472F-99A4-DD0DD335C9F4}.Release|Any CPU.ActiveCfg = Release|Any CPU
		{66BC2597-1A11-472F-99A4-DD0DD335C9F4}.Release|Any CPU.Build.0 = Release|Any CPU
	EndGlobalSection
	GlobalSection(SolutionProperties) = preSolution
		HideSolutionNode = FALSE
	EndGlobalSection
	GlobalSection(ExtensibilityGlobals) = postSolution
		SolutionGuid = {AEBDDAA0-BAB1-4689-AF63-B12FB926B3AA}
	EndGlobalSection
EndGlobal
